
Microsoft Visual Studio Solution File, Format Version 12.00
# Visual Studio Version 17
VisualStudioVersion = 17.3.32922.545
MinimumVisualStudioVersion = 10.0.40219.1
Project("{FAE04EC0-301F-11D3-BF4B-00C04F79EFBC}") = "I_praktine_inf_saugumas_Vigenere", "I_praktine_inf_saugumas_Vigenere\I_praktine_inf_saugumas_Vigenere.csproj", "{89E455A6-7BEE-43A2-8892-8DA842AECE6D}"
EndProject
Global
	GlobalSection(SolutionConfigurationPlatforms) = preSolution
		Debug|Any CPU = Debug|Any CPU
		Release|Any CPU = Release|Any CPU
	EndGlobalSection
	GlobalSection(ProjectConfigurationPlatforms) = postSolution
		{89E455A6-7BEE-43A2-8892-8DA842AECE6D}.Debug|Any CPU.ActiveCfg = Debug|Any CPU
		{89E455A6-7BEE-43A2-8892-8DA842AECE6D}.Debug|Any CPU.Build.0 = Debug|Any CPU
		{89E455A6-7BEE-43A2-8892-8DA842AECE6D}.Release|Any CPU.ActiveCfg = Release|Any CPU
		{89E455A6-7BEE-43A2-8892-8DA842AECE6D}.Release|Any CPU.Build.0 = Release|Any CPU
	EndGlobalSection
	GlobalSection(SolutionProperties) = preSolution
		HideSolutionNode = FALSE
	EndGlobalSection
	GlobalSection(ExtensibilityGlobals) = postSolution
		SolutionGuid = {C2DF7320-A325-4C8A-910A-A1E09B500126}
	EndGlobalSection
EndGlobal
